
Microsoft Visual Studio Solution File, Format Version 12.00
# Visual Studio Version 16
VisualStudioVersion = 16.0.30804.86
MinimumVisualStudioVersion = 10.0.40219.1
Project("{8BC9CEB8-8B4A-11D0-8D11-00A0C91BC942}") = "Assignment 1 ADT for poly", "Assignment 1 ADT for poly\Assignment 1 ADT for poly.vcxproj", "{7A4F0E62-4318-45A9-8A86-B5047C2962C0}"
EndProject
Global
	GlobalSection(SolutionConfigurationPlatforms) = preSolution
		Debug|x64 = Debug|x64
		Debug|x86 = Debug|x86
		Release|x64 = Release|x64
		Release|x86 = Release|x86
	EndGlobalSection
	GlobalSection(ProjectConfigurationPlatforms) = postSolution
		{7A4F0E62-4318-45A9-8A86-B5047C2962C0}.Debug|x64.ActiveCfg = Debug|x64
		{7A4F0E62-4318-45A9-8A86-B5047C2962C0}.Debug|x64.Build.0 = Debug|x64
		{7A4F0E62-4318-45A9-8A86-B5047C2962C0}.Debug|x86.ActiveCfg = Debug|Win32
		{7A4F0E62-4318-45A9-8A86-B5047C2962C0}.Debug|x86.Build.0 = Debug|Win32
		{7A4F0E62-4318-45A9-8A86-B5047C2962C0}.Release|x64.ActiveCfg = Release|x64
		{7A4F0E62-4318-45A9-8A86-B5047C2962C0}.Release|x64.Build.0 = Release|x64
		{7A4F0E62-4318-45A9-8A86-B5047C2962C0}.Release|x86.ActiveCfg = Release|Win32
		{7A4F0E62-4318-45A9-8A86-B5047C2962C0}.Release|x86.Build.0 = Release|Win32
	EndGlobalSection
	GlobalSection(SolutionProperties) = preSolution
		HideSolutionNode = FALSE
	EndGlobalSection
	GlobalSection(ExtensibilityGlobals) = postSolution
		SolutionGuid = {92B89913-3760-40F9-9453-490BDDC7C97F}
	EndGlobalSection
EndGlobal
